
Microsoft Visual Studio Solution File, Format Version 12.00
# Visual Studio Version 16
VisualStudioVersion = 16.0.30621.155
MinimumVisualStudioVersion = 10.0.40219.1
Project("{FAE04EC0-301F-11D3-BF4B-00C04F79EFBC}") = "MVCCRUD", "MVCCRUD\MVCCRUD.csproj", "{A5D795CB-1547-4A0F-B6D6-90F186720BA0}"
EndProject
Global
	GlobalSection(SolutionConfigurationPlatforms) = preSolution
		Debug|Any CPU = Debug|Any CPU
		Release|Any CPU = Release|Any CPU
	EndGlobalSection
	GlobalSection(ProjectConfigurationPlatforms) = postSolution
		{A5D795CB-1547-4A0F-B6D6-90F186720BA0}.Debug|Any CPU.ActiveCfg = Debug|Any CPU
		{A5D795CB-1547-4A0F-B6D6-90F186720BA0}.Debug|Any CPU.Build.0 = Debug|Any CPU
		{A5D795CB-1547-4A0F-B6D6-90F186720BA0}.Release|Any CPU.ActiveCfg = Release|Any CPU
		{A5D795CB-1547-4A0F-B6D6-90F186720BA0}.Release|Any CPU.Build.0 = Release|Any CPU
	EndGlobalSection
	GlobalSection(SolutionProperties) = preSolution
		HideSolutionNode = FALSE
	EndGlobalSection
	GlobalSection(ExtensibilityGlobals) = postSolution
		SolutionGuid = {BC6829B0-E4E5-42EE-9B37-E4FA11010AAA}
	EndGlobalSection
EndGlobal
